{
  "name": "meals4you",
  "version": "1.0.0",
  "lockfileVersion": 2,
  "requires": true,
  "packages": {
    "": {
      "name": "meals4you",
      "version": "1.0.0",
      "license": "ISC",
      "dependencies": {
        "mongoose-simple-random": "^0.4.1"
      },
      "engines": {
        "node": "16.x"
      }
    },
    "node_modules/mongoose-simple-random": {
      "version": "0.4.1",
      "resolved": "https://registry.npmjs.org/mongoose-simple-random/-/mongoose-simple-random-0.4.1.tgz",
      "integrity": "sha512-S3BCMSZXb53iFg/BFeQLZwQjwzfESI0OveqmeDd5Ijnb4XslPxa0bvN9nh0j8RWwtKOTftFcd41TGnO5/+XLEA=="
    }
  },
  "dependencies": {
    "mongoose-simple-random": {
      "version": "0.4.1",
      "resolved": "https://registry.npmjs.org/mongoose-simple-random/-/mongoose-simple-random-0.4.1.tgz",
      "integrity": "sha512-S3BCMSZXb53iFg/BFeQLZwQjwzfESI0OveqmeDd5Ijnb4XslPxa0bvN9nh0j8RWwtKOTftFcd41TGnO5/+XLEA=="
    }
  }
}
